// !$*UTF8*$!
{
	archiveVersion = 1;
	classes = {
	};
	objectVersion = 54;
	objects = {

/* Begin PBXBuildFile section */
		1F3C286AB94F38A38FFD131E /* Pods_AlamofireDemoDDAM.framework in Frameworks */ = {isa = PBXBuildFile; fileRef = E4A858D5A96D953C157682B1 /* Pods_AlamofireDemoDDAM.framework */; };
		60279A252851758D00C13A6E /* AppDelegate.swift in Sources */ = {isa = PBXBuildFile; fileRef = 60279A242851758D00C13A6E /* AppDelegate.swift */; };
		60279A272851758D00C13A6E /* SceneDelegate.swift in Sources */ = {isa = PBXBuildFile; fileRef = 60279A262851758D00C13A6E /* SceneDelegate.swift */; };
		60279A292851758D00C13A6E /* ViewController.swift in Sources */ = {isa = PBXBuildFile; fileRef = 60279A282851758D00C13A6E /* ViewController.swift */; };
		60279A2C2851758D00C13A6E /* Main.storyboard in Resources */ = {isa = PBXBuildFile; fileRef = 60279A2A2851758D00C13A6E /* Main.storyboard */; };
		60279A2E2851758E00C13A6E /* Assets.xcassets in Resources */ = {isa = PBXBuildFile; fileRef = 60279A2D2851758E00C13A6E /* Assets.xcassets */; };
		60279A312851758E00C13A6E /* LaunchScreen.storyboard in Resources */ = {isa = PBXBuildFile; fileRef = 60279A2F2851758E00C13A6E /* LaunchScreen.storyboard */; };
		60279A392851835D00C13A6E /* PeliculaModel.swift in Sources */ = {isa = PBXBuildFile; fileRef = 60279A382851835D00C13A6E /* PeliculaModel.swift */; };
		60279A3B28518B1200C13A6E /* Helpers.swift in Sources */ = {isa = PBXBuildFile; fileRef = 60279A3A28518B1200C13A6E /* Helpers.swift */; };
/* End PBXBuildFile section */

/* Begin PBXFileReference section */
		60279A212851758D00C13A6E /* AlamofireDemoDDAM.app */ = {isa = PBXFileReference; explicitFileType = wrapper.application; includeInIndex = 0; path = AlamofireDemoDDAM.app; sourceTree = BUILT_PRODUCTS_DIR; };
		60279A242851758D00C13A6E /* AppDelegate.swift */ = {isa = PBXFileReference; lastKnownFileType = sourcecode.swift; path = AppDelegate.swift; sourceTree = "<group>"; };
		60279A262851758D00C13A6E /* SceneDelegate.swift */ = {isa = PBXFileReference; lastKnownFileType = sourcecode.swift; path = SceneDelegate.swift; sourceTree = "<group>"; };
		60279A282851758D00C13A6E /* ViewController.swift */ = {isa = PBXFileReference; lastKnownFileType = sourcecode.swift; path = ViewController.swift; sourceTree = "<group>"; };
		60279A2B2851758D00C13A6E /* Base */ = {isa = PBXFileReference; lastKnownFileType = file.storyboard; name = Base; path = Base.lproj/Main.storyboard; sourceTree = "<group>"; };
		60279A2D2851758E00C13A6E /* Assets.xcassets */ = {isa = PBXFileReference; lastKnownFileType = folder.assetcatalog; path = Assets.xcassets; sourceTree = "<group>"; };
		60279A302851758E00C13A6E /* Base */ = {isa = PBXFileReference; lastKnownFileType = file.storyboard; name = Base; path = Base.lproj/LaunchScreen.storyboard; sourceTree = "<group>"; };
		60279A322851758E00C13A6E /* Info.plist */ = {isa = PBXFileReference; lastKnownFileType = text.plist.xml; path = Info.plist; sourceTree = "<group>"; };
		60279A382851835D00C13A6E /* PeliculaModel.swift */ = {isa = PBXFileReference; lastKnownFileType = sourcecode.swift; path = PeliculaModel.swift; sourceTree = "<group>"; };
		60279A3A28518B1200C13A6E /* Helpers.swift */ = {isa = PBXFileReference; lastKnownFileType = sourcecode.swift; path = Helpers.swift; sourceTree = "<group>"; };
		669969313951AE5960173434 /* Pods-AlamofireDemoDDAM.debug.xcconfig */ = {isa = PBXFileReference; includeInIndex = 1; lastKnownFileType = text.xcconfig; name = "Pods-AlamofireDemoDDAM.debug.xcconfig"; path = "Target Support Files/Pods-AlamofireDemoDDAM/Pods-AlamofireDemoDDAM.debug.xcconfig"; sourceTree = "<group>"; };
		B236CD845301C7CED24C4D84 /* Pods-AlamofireDemoDDAM.release.xcconfig */ = {isa = PBXFileReference; includeInIndex = 1; lastKnownFileType = text.xcconfig; name = "Pods-AlamofireDemoDDAM.release.xcconfig"; path = "Target Support Files/Pods-AlamofireDemoDDAM/Pods-AlamofireDemoDDAM.release.xcconfig"; sourceTree = "<group>"; };
		E4A858D5A96D953C157682B1 /* Pods_AlamofireDemoDDAM.framework */ = {isa = PBXFileReference; explicitFileType = wrapper.framework; includeInIndex = 0; path = Pods_AlamofireDemoDDAM.framework; sourceTree = BUILT_PRODUCTS_DIR; };
/* End PBXFileReference section */

/* Begin PBXFrameworksBuildPhase section */
		60279A1E2851758D00C13A6E /* Frameworks */ = {
			isa = PBXFrameworksBuildPhase;
			buildActionMask = 2147483647;
			files = (
				1F3C286AB94F38A38FFD131E /* Pods_AlamofireDemoDDAM.framework in Frameworks */,
			);
			runOnlyForDeploymentPostprocessing = 0;
		};
/* End PBXFrameworksBuildPhase section */

/* Begin PBXGroup section */
		3E3EE6EDF1F85328F6711165 /* Frameworks */ = {
			isa = PBXGroup;
			children = (
				E4A858D5A96D953C157682B1 /* Pods_AlamofireDemoDDAM.framework */,
			);
			name = Frameworks;
			sourceTree = "<group>";
		};
		5C77281106663E5608CAF72A /* Pods */ = {
			isa = PBXGroup;
			children = (
				669969313951AE5960173434 /* Pods-AlamofireDemoDDAM.debug.xcconfig */,
				B236CD845301C7CED24C4D84 /* Pods-AlamofireDemoDDAM.release.xcconfig */,
			);
			path = Pods;
			sourceTree = "<group>";
		};
		60279A182851758D00C13A6E = {
			isa = PBXGroup;
			children = (
				60279A232851758D00C13A6E /* AlamofireDemoDDAM */,
				60279A222851758D00C13A6E /* Products */,
				5C77281106663E5608CAF72A /* Pods */,
				3E3EE6EDF1F85328F6711165 /* Frameworks */,
			);
			sourceTree = "<group>";
		};
		60279A222851758D00C13A6E /* Products */ = {
			isa = PBXGroup;
			children = (
				60279A212851758D00C13A6E /* AlamofireDemoDDAM.app */,
			);
			name = Products;
			sourceTree = "<group>";
		};
		60279A232851758D00C13A6E /* AlamofireDemoDDAM */ = {
			isa = PBXGroup;
			children = (
				60279A242851758D00C13A6E /* AppDelegate.swift */,
				60279A262851758D00C13A6E /* SceneDelegate.swift */,
				60279A282851758D00C13A6E /* ViewController.swift */,
				60279A2A2851758D00C13A6E /* Main.storyboard */,
				60279A2D2851758E00C13A6E /* Assets.xcassets */,
				60279A2F2851758E00C13A6E /* LaunchScreen.storyboard */,
				60279A322851758E00C13A6E /* Info.plist */,
				60279A382851835D00C13A6E /* PeliculaModel.swift */,
				60279A3A28518B1200C13A6E /* Helpers.swift */,
			);
			path = AlamofireDemoDDAM;
			sourceTree = "<group>";
		};
/* End PBXGroup section */

/* Begin PBXNativeTarget section */
		60279A202851758D00C13A6E /* AlamofireDemoDDAM */ = {
			isa = PBXNativeTarget;
			buildConfigurationList = 60279A352851758E00C13A6E /* Build configuration list for PBXNativeTarget "AlamofireDemoDDAM" */;
			buildPhases = (
				5034BF30EA77B2A395260DC0 /* [CP] Check Pods Manifest.lock */,
				60279A1D2851758D00C13A6E /* Sources */,
				60279A1E2851758D00C13A6E /* Frameworks */,
				60279A1F2851758D00C13A6E /* Resources */,
				A2B4BF3B9B98DE8447691AD8 /* [CP] Embed Pods Frameworks */,
			);
			buildRules = (
			);
			dependencies = (
			);
			name = AlamofireDemoDDAM;
			productName = AlamofireDemoDDAM;
			productReference = 60279A212851758D00C13A6E /* AlamofireDemoDDAM.app */;
			productType = "com.apple.product-type.application";
		};
/* End PBXNativeTarget section */

/* Begin PBXProject section */
		60279A192851758D00C13A6E /* Project object */ = {
			isa = PBXProject;
			attributes = {
				BuildIndependentTargetsInParallel = 1;
				LastSwiftUpdateCheck = 1340;
				LastUpgradeCheck = 1340;
				TargetAttributes = {
					60279A202851758D00C13A6E = {
						CreatedOnToolsVersion = 13.4;
					};
				};
			};
			buildConfigurationList = 60279A1C2851758D00C13A6E /* Build configuration list for PBXProject "AlamofireDemoDDAM" */;
			compatibilityVersion = "Xcode 12.0";
			developmentRegion = en;
			hasScannedForEncodings = 0;
			knownRegions = (
				en,
				Base,
			);
			mainGroup = 60279A182851758D00C13A6E;
			productRefGroup = 60279A222851758D00C13A6E /* Products */;
			projectDirPath = "";
			projectRoot = "";
			targets = (
				60279A202851758D00C13A6E /* AlamofireDemoDDAM */,
			);
		};
/* End PBXProject section */

/* Begin PBXResourcesBuildPhase section */
		60279A1F2851758D00C13A6E /* Resources */ = {
			isa = PBXResourcesBuildPhase;
			buildActionMask = 2147483647;
			files = (
				60279A312851758E00C13A6E /* LaunchScreen.storyboard in Resources */,
				60279A2E2851758E00C13A6E /* Assets.xcassets in Resources */,
				60279A2C2851758D00C13A6E /* Main.storyboard in Resources */,
			);
			runOnlyForDeploymentPostprocessing = 0;
		};
/* End PBXResourcesBuildPhase section */

/* Begin PBXShellScriptBuildPhase section */
		5034BF30EA77B2A395260DC0 /* [CP] Check Pods Manifest.lock */ = {
			isa = PBXShellScriptBuildPhase;
			buildActionMask = 2147483647;
			files = (
			);
			inputFileListPaths = (
			);
			inputPaths = (
				"${PODS_PODFILE_DIR_PATH}/Podfile.lock",
				"${PODS_ROOT}/Manifest.lock",
			);
			name = "[CP] Check Pods Manifest.lock";
			outputFileListPaths = (
			);
			outputPaths = (
				"$(DERIVED_FILE_DIR)/Pods-AlamofireDemoDDAM-checkManifestLockResult.txt",
			);
			runOnlyForDeploymentPostprocessing = 0;
			shellPath = /bin/sh;
			shellScript = "diff \"${PODS_PODFILE_DIR_PATH}/Podfile.lock\" \"${PODS_ROOT}/Manifest.lock\" > /dev/null\nif [ $? != 0 ] ; then\n    # print error to STDERR\n    echo \"error: The sandbox is not in sync with the Podfile.lock. Run 'pod install' or update your CocoaPods installation.\" >&2\n    exit 1\nfi\n# This output is used by Xcode 'outputs' to avoid re-running this script phase.\necho \"SUCCESS\" > \"${SCRIPT_OUTPUT_FILE_0}\"\n";
			showEnvVarsInLog = 0;
		};
		A2B4BF3B9B98DE8447691AD8 /* [CP] Embed Pods Frameworks */ = {
			isa = PBXShellScriptBuildPhase;
			buildActionMask = 2147483647;
			files = (
			);
			inputFileListPaths = (
				"${PODS_ROOT}/Target Support Files/Pods-AlamofireDemoDDAM/Pods-AlamofireDemoDDAM-frameworks-${CONFIGURATION}-input-files.xcfilelist",
			);
			name = "[CP] Embed Pods Frameworks";
			outputFileListPaths = (
				"${PODS_ROOT}/Target Support Files/Pods-AlamofireDemoDDAM/Pods-AlamofireDemoDDAM-frameworks-${CONFIGURATION}-output-files.xcfilelist",
			);
			runOnlyForDeploymentPostprocessing = 0;
			shellPath = /bin/sh;
			shellScript = "\"${PODS_ROOT}/Target Support Files/Pods-AlamofireDemoDDAM/Pods-AlamofireDemoDDAM-frameworks.sh\"\n";
			showEnvVarsInLog = 0;
		};
/* End PBXShellScriptBuildPhase section */

/* Begin PBXSourcesBuildPhase section */
		60279A1D2851758D00C13A6E /* Sources */ = {
			isa = PBXSourcesBuildPhase;
			buildActionMask = 2147483647;
			files = (
				60279A292851758D00C13A6E /* ViewController.swift in Sources */,
				60279A252851758D00C13A6E /* AppDelegate.swift in Sources */,
				60279A392851835D00C13A6E /* PeliculaModel.swift in Sources */,
				60279A3B28518B1200C13A6E /* Helpers.swift in Sources */,
				60279A272851758D00C13A6E /* SceneDelegate.swift in Sources */,
			);
			runOnlyForDeploymentPostprocessing = 0;
		};
/* End PBXSourcesBuildPhase section */

/* Begin PBXVariantGroup section */
		60279A2A2851758D00C13A6E /* Main.storyboard */ = {
			isa = PBXVariantGroup;
			children = (
				60279A2B2851758D00C13A6E /* Base */,
			);
			name = Main.storyboard;
			sourceTree = "<group>";
		};
		60279A2F2851758E00C13A6E /* LaunchScreen.storyboard */ = {
			isa = PBXVariantGroup;
			children = (
				60279A302851758E00C13A6E /* Base */,
			);
			name = LaunchScreen.storyboard;
			sourceTree = "<group>";
		};
/* End PBXVariantGroup section */

/* Begin XCBuildConfiguration section */
		60279A332851758E00C13A6E /* Debug */ = {
			isa = XCBuildConfiguration;
			buildSettings = {
				ALWAYS_SEARCH_USER_PATHS = NO;
				CLANG_ANALYZER_NONNULL = YES;
				CLANG_ANALYZER_NUMBER_OBJECT_CONVERSION = YES_AGGRESSIVE;
				CLANG_CXX_LANGUAGE_STANDARD = "gnu++17";
				CLANG_ENABLE_MODULES = YES;
				CLANG_ENABLE_OBJC_ARC = YES;
				CLANG_ENABLE_OBJC_WEAK = YES;
				CLANG_WARN_BLOCK_CAPTURE_AUTORELEASING = YES;
				CLANG_WARN_BOOL_CONVERSION = YES;
				CLANG_WARN_COMMA = YES;
				CLANG_WARN_CONSTANT_CONVERSION = YES;
				CLANG_WARN_DEPRECATED_OBJC_IMPLEMENTATIONS = YES;
				CLANG_WARN_DIRECT_OBJC_ISA_USAGE = YES_ERROR;
				CLANG_WARN_DOCUMENTATION_COMMENTS = YES;
				CLANG_WARN_EMPTY_BODY = YES;
				CLANG_WARN_ENUM_CONVERSION = YES;
				CLANG_WARN_INFINITE_RECURSION = YES;
				CLANG_WARN_INT_CONVERSION = YES;
				CLANG_WARN_NON_LITERAL_NULL_CONVERSION = YES;
				CLANG_WARN_OBJC_IMPLICIT_RETAIN_SELF = YES;
				CLANG_WARN_OBJC_LITERAL_CONVERSION = YES;
				CLANG_WARN_OBJC_ROOT_CLASS = YES_ERROR;
				CLANG_WARN_QUOTED_INCLUDE_IN_FRAMEWORK_HEADER = YES;
				CLANG_WARN_RANGE_LOOP_ANALYSIS = YES;
				CLANG_WARN_STRICT_PROTOTYPES = YES;
				CLANG_WARN_SUSPICIOUS_MOVE = YES;
				CLANG_WARN_UNGUARDED_AVAILABILITY = YES_AGGRESSIVE;
				CLANG_WARN_UNREACHABLE_CODE = YES;
				CLANG_WARN__DUPLICATE_METHOD_MATCH = YES;
				COPY_PHASE_STRIP = NO;
				DEBUG_INFORMATION_FORMAT = dwarf;
				ENABLE_STRICT_OBJC_MSGSEND = YES;
				ENABLE_TESTABILITY = YES;
				GCC_C_LANGUAGE_STANDARD = gnu11;
				GCC_DYNAMIC_NO_PIC = NO;
				GCC_NO_COMMON_BLOCKS = YES;
				GCC_OPTIMIZATION_LEVEL = 0;
				GCC_PREPROCESSOR_DEFINITIONS = (
					"DEBUG=1",
					"$(inherited)",
				);
				GCC_WARN_64_TO_32_BIT_CONVERSION = YES;
				GCC_WARN_ABOUT_RETURN_TYPE = YES_ERROR;
				GCC_WARN_UNDECLARED_SELECTOR = YES;
				GCC_WARN_UNINITIALIZED_AUTOS = YES_AGGRESSIVE;
				GCC_WARN_UNUSED_FUNCTION = YES;
				GCC_WARN_UNUSED_VARIABLE = YES;
				IPHONEOS_DEPLOYMENT_TARGET = 15.5;
				MTL_ENABLE_DEBUG_INFO = INCLUDE_SOURCE;
				MTL_FAST_MATH = YES;
				ONLY_ACTIVE_ARCH = YES;
				SDKROOT = iphoneos;
				SWIFT_ACTIVE_COMPILATION_CONDITIONS = DEBUG;
				SWIFT_OPTIMIZATION_LEVEL = "-Onone";
			};
			name = Debug;
		};
		60279A342851758E00C13A6E /* Release */ = {
			isa = XCBuildConfiguration;
			buildSettings = {
				ALWAYS_SEARCH_USER_PATHS = NO;
				CLANG_ANALYZER_NONNULL = YES;
				CLANG_ANALYZER_NUMBER_OBJECT_CONVERSION = YES_AGGRESSIVE;
				CLANG_CXX_LANGUAGE_STANDARD = "gnu++17";
				CLANG_ENABLE_MODULES = YES;
				CLANG_ENABLE_OBJC_ARC = YES;
				CLANG_ENABLE_OBJC_WEAK = YES;
				CLANG_WARN_BLOCK_CAPTURE_AUTORELEASING = YES;
				CLANG_WARN_BOOL_CONVERSION = YES;
				CLANG_WARN_COMMA = YES;
				CLANG_WARN_CONSTANT_CONVERSION = YES;
				CLANG_WARN_DEPRECATED_OBJC_IMPLEMENTATIONS = YES;
				CLANG_WARN_DIRECT_OBJC_ISA_USAGE = YES_ERROR;
				CLANG_WARN_DOCUMENTATION_COMMENTS = YES;
				CLANG_WARN_EMPTY_BODY = YES;
				CLANG_WARN_ENUM_CONVERSION = YES;
				CLANG_WARN_INFINITE_RECURSION = YES;
				CLANG_WARN_INT_CONVERSION = YES;
				CLANG_WARN_NON_LITERAL_NULL_CONVERSION = YES;
				CLANG_WARN_OBJC_IMPLICIT_RETAIN_SELF = YES;
				CLANG_WARN_OBJC_LITERAL_CONVERSION = YES;
				CLANG_WARN_OBJC_ROOT_CLASS = YES_ERROR;
				CLANG_WARN_QUOTED_INCLUDE_IN_FRAMEWORK_HEADER = YES;
				CLANG_WARN_RANGE_LOOP_ANALYSIS = YES;
				CLANG_WARN_STRICT_PROTOTYPES = YES;
				CLANG_WARN_SUSPICIOUS_MOVE = YES;
				CLANG_WARN_UNGUARDED_AVAILABILITY = YES_AGGRESSIVE;
				CLANG_WARN_UNREACHABLE_CODE = YES;
				CLANG_WARN__DUPLICATE_METHOD_MATCH = YES;
				COPY_PHASE_STRIP = NO;
				DEBUG_INFORMATION_FORMAT = "dwarf-with-dsym";
				ENABLE_NS_ASSERTIONS = NO;
				ENABLE_STRICT_OBJC_MSGSEND = YES;
				GCC_C_LANGUAGE_STANDARD = gnu11;
				GCC_NO_COMMON_BLOCKS = YES;
				GCC_WARN_64_TO_32_BIT_CONVERSION = YES;
				GCC_WARN_ABOUT_RETURN_TYPE = YES_ERROR;
				GCC_WARN_UNDECLARED_SELECTOR = YES;
				GCC_WARN_UNINITIALIZED_AUTOS = YES_AGGRESSIVE;
				GCC_WARN_UNUSED_FUNCTION = YES;
				GCC_WARN_UNUSED_VARIABLE = YES;
				IPHONEOS_DEPLOYMENT_TARGET = 15.5;
				MTL_ENABLE_DEBUG_INFO = NO;
				MTL_FAST_MATH = YES;
				SDKROOT = iphoneos;
				SWIFT_COMPILATION_MODE = wholemodule;
				SWIFT_OPTIMIZATION_LEVEL = "-O";
				VALIDATE_PRODUCT = YES;
			};
			name = Release;
		};
		60279A362851758E00C13A6E /* Debug */ = {
			isa = XCBuildConfiguration;
			baseConfigurationReference = 669969313951AE5960173434 /* Pods-AlamofireDemoDDAM.debug.xcconfig */;
			buildSettings = {
				ASSETCATALOG_COMPILER_APPICON_NAME = AppIcon;
				ASSETCATALOG_COMPILER_GLOBAL_ACCENT_COLOR_NAME = AccentColor;
				CODE_SIGN_STYLE = Automatic;
				CURRENT_PROJECT_VERSION = 1;
				DEVELOPMENT_TEAM = 345UR7Z9A7;
				GENERATE_INFOPLIST_FILE = YES;
				INFOPLIST_FILE = AlamofireDemoDDAM/Info.plist;
				INFOPLIST_KEY_UIApplicationSupportsIndirectInputEvents = YES;
				INFOPLIST_KEY_UILaunchStoryboardName = LaunchScreen;
				INFOPLIST_KEY_UIMainStoryboardFile = Main;
				INFOPLIST_KEY_UISupportedInterfaceOrientations_iPad = "UIInterfaceOrientationPortrait UIInterfaceOrientationPortraitUpsideDown UIInterfaceOrientationLandscapeLeft UIInterfaceOrientationLandscapeRight";
				INFOPLIST_KEY_UISupportedInterfaceOrientations_iPhone = "UIInterfaceOrientationPortrait UIInterfaceOrientationLandscapeLeft UIInterfaceOrientationLandscapeRight";
				IPHONEOS_DEPLOYMENT_TARGET = 15.0;
				LD_RUNPATH_SEARCH_PATHS = (
					"$(inherited)",
					"@executable_path/Frameworks",
				);
				MARKETING_VERSION = 1.0;
				PRODUCT_BUNDLE_IDENTIFIER = com.marcoalonsorodriguez.AlamofireDemoDDAM;
				PRODUCT_NAME = "$(TARGET_NAME)";
				SWIFT_EMIT_LOC_STRINGS = YES;
				SWIFT_VERSION = 5.0;
				TARGETED_DEVICE_FAMILY = "1,2";
			};
			name = Debug;
		};
		60279A372851758E00C13A6E /* Release */ = {
			isa = XCBuildConfiguration;
			baseConfigurationReference = B236CD845301C7CED24C4D84 /* Pods-AlamofireDemoDDAM.release.xcconfig */;
			buildSettings = {
				ASSETCATALOG_COMPILER_APPICON_NAME = AppIcon;
				ASSETCATALOG_COMPILER_GLOBAL_ACCENT_COLOR_NAME = AccentColor;
				CODE_SIGN_STYLE = Automatic;
				CURRENT_PROJECT_VERSION = 1;
				DEVELOPMENT_TEAM = 345UR7Z9A7;
				GENERATE_INFOPLIST_FILE = YES;
				INFOPLIST_FILE = AlamofireDemoDDAM/Info.plist;
				INFOPLIST_KEY_UIApplicationSupportsIndirectInputEvents = YES;
				INFOPLIST_KEY_UILaunchStoryboardName = LaunchScreen;
				INFOPLIST_KEY_UIMainStoryboardFile = Main;
				INFOPLIST_KEY_UISupportedInterfaceOrientations_iPad = "UIInterfaceOrientationPortrait UIInterfaceOrientationPortraitUpsideDown UIInterfaceOrientationLandscapeLeft UIInterfaceOrientationLandscapeRight";
				INFOPLIST_KEY_UISupportedInterfaceOrientations_iPhone = "UIInterfaceOrientationPortrait UIInterfaceOrientationLandscapeLeft UIInterfaceOrientationLandscapeRight";
				IPHONEOS_DEPLOYMENT_TARGET = 15.0;
				LD_RUNPATH_SEARCH_PATHS = (
					"$(inherited)",
					"@executable_path/Frameworks",
				);
				MARKETING_VERSION = 1.0;
				PRODUCT_BUNDLE_IDENTIFIER = com.marcoalonsorodriguez.AlamofireDemoDDAM;
				PRODUCT_NAME = "$(TARGET_NAME)";
				SWIFT_EMIT_LOC_STRINGS = YES;
				SWIFT_VERSION = 5.0;
				TARGETED_DEVICE_FAMILY = "1,2";
			};
			name = Release;
		};
/* End XCBuildConfiguration section */

/* Begin XCConfigurationList section */
		60279A1C2851758D00C13A6E /* Build configuration list for PBXProject "AlamofireDemoDDAM" */ = {
			isa = XCConfigurationList;
			buildConfigurations = (
				60279A332851758E00C13A6E /* Debug */,
				60279A342851758E00C13A6E /* Release */,
			);
			defaultConfigurationIsVisible = 0;
			defaultConfigurationName = Release;
		};
		60279A352851758E00C13A6E /* Build configuration list for PBXNativeTarget "AlamofireDemoDDAM" */ = {
			isa = XCConfigurationList;
			buildConfigurations = (
				60279A362851758E00C13A6E /* Debug */,
				60279A372851758E00C13A6E /* Release */,
			);
			defaultConfigurationIsVisible = 0;
			defaultConfigurationName = Release;
		};
/* End XCConfigurationList section */
	};
	rootObject = 60279A192851758D00C13A6E /* Project object */;
}
